// !$*UTF8*$!
{
	archiveVersion = 1;
	classes = {
	};
	objectVersion = 54;
	objects = {

/* Begin PBXBuildFile section */
		00E356F31AD99517003FC87E /* vaxchainTests.m in Sources */ = {isa = PBXBuildFile; fileRef = 00E356F21AD99517003FC87E /* vaxchainTests.m */; };
		13B07FBC1A68108700A75B9A /* AppDelegate.m in Sources */ = {isa = PBXBuildFile; fileRef = 13B07FB01A68108700A75B9A /* AppDelegate.m */; };
		13B07FBF1A68108700A75B9A /* Images.xcassets in Resources */ = {isa = PBXBuildFile; fileRef = 13B07FB51A68108700A75B9A /* Images.xcassets */; };
		13B07FC11A68108700A75B9A /* main.m in Sources */ = {isa = PBXBuildFile; fileRef = 13B07FB71A68108700A75B9A /* main.m */; };
		81AB9BB82411601600AC10FF /* LaunchScreen.storyboard in Resources */ = {isa = PBXBuildFile; fileRef = 81AB9BB72411601600AC10FF /* LaunchScreen.storyboard */; };
		F317A3E09ADC4E4BBBD0A280 /* AntDesign.ttf in Resources */ = {isa = PBXBuildFile; fileRef = F61A529008DC4A0DB295E107 /* AntDesign.ttf */; };
		FBB979461E6642FBB382E634 /* Entypo.ttf in Resources */ = {isa = PBXBuildFile; fileRef = DC69A8179E2248D7A4BA79F9 /* Entypo.ttf */; };
		80C60EFDE0A14785BE377B65 /* EvilIcons.ttf in Resources */ = {isa = PBXBuildFile; fileRef = 233D6AA1758D46AE84A75C17 /* EvilIcons.ttf */; };
		49C79382ABE14A2C97AD541B /* Feather.ttf in Resources */ = {isa = PBXBuildFile; fileRef = 266AC285CB6C41A299EC60F2 /* Feather.ttf */; };
		17488C3AE31E424C8C974F3D /* FontAwesome.ttf in Resources */ = {isa = PBXBuildFile; fileRef = A6A5D67ADA604CA39738B776 /* FontAwesome.ttf */; };
		4F557245FE2F4F9386334913 /* FontAwesome5_Brands.ttf in Resources */ = {isa = PBXBuildFile; fileRef = 3C8DB15DD1CB4A24924CAA96 /* FontAwesome5_Brands.ttf */; };
		7EA471BFBE8F4D87BD8AB683 /* FontAwesome5_Regular.ttf in Resources */ = {isa = PBXBuildFile; fileRef = 242A068EF0C14422A50781C2 /* FontAwesome5_Regular.ttf */; };
		75F4935CA68C4D459F028622 /* FontAwesome5_Solid.ttf in Resources */ = {isa = PBXBuildFile; fileRef = 02CC65FF6FAB4D7BA99481D4 /* FontAwesome5_Solid.ttf */; };
		51609549364C40C5BCD70784 /* Fontisto.ttf in Resources */ = {isa = PBXBuildFile; fileRef = AD4789F0FCE9429D9DD4B469 /* Fontisto.ttf */; };
		6598565FF83A42C0A97661A9 /* Foundation.ttf in Resources */ = {isa = PBXBuildFile; fileRef = 578A0F599EB54930ADFF5B4D /* Foundation.ttf */; };
		175905E33C2940378A49E7A1 /* Ionicons.ttf in Resources */ = {isa = PBXBuildFile; fileRef = 3AC80848FD4C45B6ADD2D0B4 /* Ionicons.ttf */; };
		7901753833394D64932F6F5C /* MaterialCommunityIcons.ttf in Resources */ = {isa = PBXBuildFile; fileRef = 956CAC9EBD224AFA9EC87F98 /* MaterialCommunityIcons.ttf */; };
		3201A31FF3C44C4C984DE807 /* MaterialIcons.ttf in Resources */ = {isa = PBXBuildFile; fileRef = C0D681D6521A4511B8891BEF /* MaterialIcons.ttf */; };
		F93ABC1549034B31B2D7E092 /* Octicons.ttf in Resources */ = {isa = PBXBuildFile; fileRef = B6F089DB15C94EFC92424AC1 /* Octicons.ttf */; };
		D2E04F2D801747EBBF62807A /* SimpleLineIcons.ttf in Resources */ = {isa = PBXBuildFile; fileRef = 1A8D03F5EE934362B569DC49 /* SimpleLineIcons.ttf */; };
		98A088B780844225A77B3BA0 /* Zocial.ttf in Resources */ = {isa = PBXBuildFile; fileRef = C7995FFEA0314ED5936D1DA4 /* Zocial.ttf */; };
		D0EB26A1B467460F80D6FFA4 /* Poppins-Black.ttf in Resources */ = {isa = PBXBuildFile; fileRef = 4AE95FDC174A401EB371EA74 /* Poppins-Black.ttf */; };
		F9A04C70868D4723A1C81AA4 /* Poppins-BlackItalic.ttf in Resources */ = {isa = PBXBuildFile; fileRef = B29ED8E909DA4CAA87D78104 /* Poppins-BlackItalic.ttf */; };
		0E98EAD31DFF4D66B4FA2191 /* Poppins-Bold.ttf in Resources */ = {isa = PBXBuildFile; fileRef = FEF5EC1ED5744DA49E7ED2BF /* Poppins-Bold.ttf */; };
		61958DB71708494EA11D0943 /* Poppins-BoldItalic.ttf in Resources */ = {isa = PBXBuildFile; fileRef = 105D097FAF4B4636A00E5F3E /* Poppins-BoldItalic.ttf */; };
		C063FD412D024C16A05FBA9C /* Poppins-ExtraBold.ttf in Resources */ = {isa = PBXBuildFile; fileRef = 1587655439AE4E11AC19C68B /* Poppins-ExtraBold.ttf */; };
		ADD5610360A24A058E5F1D5D /* Poppins-ExtraBoldItalic.ttf in Resources */ = {isa = PBXBuildFile; fileRef = 69E34C8AA6DB42CFB1D936C9 /* Poppins-ExtraBoldItalic.ttf */; };
		504F1C991DDA4A808A331E61 /* Poppins-ExtraLight.ttf in Resources */ = {isa = PBXBuildFile; fileRef = 74D3A1CA377246A2905F41CF /* Poppins-ExtraLight.ttf */; };
		2C73749682DC43B382ED0EF6 /* Poppins-ExtraLightItalic.ttf in Resources */ = {isa = PBXBuildFile; fileRef = 2282FC0A17CD491EA098A868 /* Poppins-ExtraLightItalic.ttf */; };
		AB8676951D5645EEAFD77E03 /* Poppins-Italic.ttf in Resources */ = {isa = PBXBuildFile; fileRef = 1A6530A9762D4FB2825433EF /* Poppins-Italic.ttf */; };
		0AF1878CBDBE4C36AAC99919 /* Poppins-Light.ttf in Resources */ = {isa = PBXBuildFile; fileRef = 32701B25BA704330ABED47CC /* Poppins-Light.ttf */; };
		E39EB3C3ABC1421B8B473B5F /* Poppins-LightItalic.ttf in Resources */ = {isa = PBXBuildFile; fileRef = F0C03009B1ED466F9337876F /* Poppins-LightItalic.ttf */; };
		DD2BBD6963A04E638F5B6897 /* Poppins-Medium.ttf in Resources */ = {isa = PBXBuildFile; fileRef = 8AA029A120464800BD534BB7 /* Poppins-Medium.ttf */; };
		33AC5C8D5029465B84055EE9 /* Poppins-MediumItalic.ttf in Resources */ = {isa = PBXBuildFile; fileRef = 55175C45FAA144C7BB959DEF /* Poppins-MediumItalic.ttf */; };
		0357B03A1F5E44858A6BD346 /* Poppins-Regular.ttf in Resources */ = {isa = PBXBuildFile; fileRef = 266775183AE446118F05173C /* Poppins-Regular.ttf */; };
		C895CBFAB27F4A0B8AC543F0 /* Poppins-SemiBold.ttf in Resources */ = {isa = PBXBuildFile; fileRef = A8DFE16788CA4089A4AA1C1A /* Poppins-SemiBold.ttf */; };
		6A5DE8E1EB21439AA89384C5 /* Poppins-SemiBoldItalic.ttf in Resources */ = {isa = PBXBuildFile; fileRef = 882F8496919E47F7BE92A216 /* Poppins-SemiBoldItalic.ttf */; };
		14F67005ACA94AA882F49BB9 /* Poppins-Thin.ttf in Resources */ = {isa = PBXBuildFile; fileRef = 88A755023C2D407298C3060F /* Poppins-Thin.ttf */; };
		40D4B31709B641B0A58D8FE5 /* Poppins-ThinItalic.ttf in Resources */ = {isa = PBXBuildFile; fileRef = 4302BA847A244250A54B2554 /* Poppins-ThinItalic.ttf */; };
		49AAC826424F4A56A0A8E77F /* Rubik-Italic-VariableFont_wght.ttf in Resources */ = {isa = PBXBuildFile; fileRef = B95627E7DA884B3E9F687650 /* Rubik-Italic-VariableFont_wght.ttf */; };
		C53EA2045FBA4D5DBA2B53F3 /* Rubik-VariableFont_wght.ttf in Resources */ = {isa = PBXBuildFile; fileRef = 4434E17B32C74AACA28EA06E /* Rubik-VariableFont_wght.ttf */; };
		25174B7FABAF417785F0C1E8 /* Rubik-Black.ttf in Resources */ = {isa = PBXBuildFile; fileRef = A3ECF38F2E554064A22ED533 /* Rubik-Black.ttf */; };
		266309C5A0D64B5095FAD3C0 /* Rubik-BlackItalic.ttf in Resources */ = {isa = PBXBuildFile; fileRef = E8EC776FCF1E4694BDCBD3C3 /* Rubik-BlackItalic.ttf */; };
		1DCAB786D8814BD0B96BF40E /* Rubik-Bold.ttf in Resources */ = {isa = PBXBuildFile; fileRef = 22DFB14D17144736B0999360 /* Rubik-Bold.ttf */; };
		DC107958F0734384AD1F60E2 /* Rubik-BoldItalic.ttf in Resources */ = {isa = PBXBuildFile; fileRef = A583126F018946CB840FD3AB /* Rubik-BoldItalic.ttf */; };
		6E632E03C1C14E0E98A2B6B7 /* Rubik-ExtraBold.ttf in Resources */ = {isa = PBXBuildFile; fileRef = BC6EB9F403AB4556AF3236FE /* Rubik-ExtraBold.ttf */; };
		78248ADD64054555B23628C3 /* Rubik-ExtraBoldItalic.ttf in Resources */ = {isa = PBXBuildFile; fileRef = B834283316854ADC80E4676A /* Rubik-ExtraBoldItalic.ttf */; };
		4E2B7D9F00F147CD8B8089C5 /* Rubik-Italic.ttf in Resources */ = {isa = PBXBuildFile; fileRef = 7879FB06E3F945448DA56C8B /* Rubik-Italic.ttf */; };
		B6D7B8CDD7E648A3A88887CD /* Rubik-Light.ttf in Resources */ = {isa = PBXBuildFile; fileRef = 84098356C75D4F2B9CCEC942 /* Rubik-Light.ttf */; };
		D14BAE45A2DF47118F1FAFFD /* Rubik-LightItalic.ttf in Resources */ = {isa = PBXBuildFile; fileRef = 6C98808258FA4D7DA8642E1A /* Rubik-LightItalic.ttf */; };
		5DDCDD3C25A4478691AD48B5 /* Rubik-Medium.ttf in Resources */ = {isa = PBXBuildFile; fileRef = B271D6F944434D6D96FFADA7 /* Rubik-Medium.ttf */; };
		1130926A810143B8804D0A3B /* Rubik-MediumItalic.ttf in Resources */ = {isa = PBXBuildFile; fileRef = A03347AC16744608BF30BE0E /* Rubik-MediumItalic.ttf */; };
		A440D4F27A614BEAB080938B /* Rubik-Regular.ttf in Resources */ = {isa = PBXBuildFile; fileRef = 937A0DCA16824FE0AB356BD7 /* Rubik-Regular.ttf */; };
		AB62630E8E9A427C80B393E8 /* Rubik-SemiBold.ttf in Resources */ = {isa = PBXBuildFile; fileRef = 378B233A340F4968829C6FAD /* Rubik-SemiBold.ttf */; };
		07CE574033BD41879CFA0AB3 /* Rubik-SemiBoldItalic.ttf in Resources */ = {isa = PBXBuildFile; fileRef = DE0F6020A51E477D9451DFF1 /* Rubik-SemiBoldItalic.ttf */; };
		EC7D1DB664794946A717312C /* Rubik-Black.ttf in Resources */ = {isa = PBXBuildFile; fileRef = 4CF4A2DF59844025AE43997B /* Rubik-Black.ttf */; };
		AE99328935E14E4281B3EA05 /* Rubik-BlackItalic.ttf in Resources */ = {isa = PBXBuildFile; fileRef = 282C2BBBF0314E0D9EB2DEBE /* Rubik-BlackItalic.ttf */; };
		6A317B3209474C1DB49EBC05 /* Rubik-Bold.ttf in Resources */ = {isa = PBXBuildFile; fileRef = 47BA1EABFCF54C9882911506 /* Rubik-Bold.ttf */; };
		F3554F0B052049F894DE286F /* Rubik-BoldItalic.ttf in Resources */ = {isa = PBXBuildFile; fileRef = FF374B08B8F64C7383A24E25 /* Rubik-BoldItalic.ttf */; };
		FF610DFCC19C4545AFFB1A60 /* Rubik-ExtraBold.ttf in Resources */ = {isa = PBXBuildFile; fileRef = 7F6A00A972F743E2A949AF7F /* Rubik-ExtraBold.ttf */; };
		CAA358BCBD314576BF18ECF8 /* Rubik-ExtraBoldItalic.ttf in Resources */ = {isa = PBXBuildFile; fileRef = 6F6E21C007934157A5709EE9 /* Rubik-ExtraBoldItalic.ttf */; };
		2EC1016DA54D4E448A6E818E /* Rubik-Italic.ttf in Resources */ = {isa = PBXBuildFile; fileRef = D0BC64CD3D164E55AFD15B0D /* Rubik-Italic.ttf */; };
		415B20179CC14BFAA3E94895 /* Rubik-Light.ttf in Resources */ = {isa = PBXBuildFile; fileRef = 184D121FC6744E248F00877E /* Rubik-Light.ttf */; };
		8B1E88AFF19443A1ACE46FEA /* Rubik-LightItalic.ttf in Resources */ = {isa = PBXBuildFile; fileRef = DA1F4371605344AC88FE028E /* Rubik-LightItalic.ttf */; };
		3C553334977248EFB5EFB17E /* Rubik-Medium.ttf in Resources */ = {isa = PBXBuildFile; fileRef = F77672F0A24F4F4997AE551E /* Rubik-Medium.ttf */; };
		9D101B2DDE3B4B69A2310322 /* Rubik-MediumItalic.ttf in Resources */ = {isa = PBXBuildFile; fileRef = 1AAC429B00A5421FBF99DCEA /* Rubik-MediumItalic.ttf */; };
		9C245B057C294306B460F172 /* Rubik-Regular.ttf in Resources */ = {isa = PBXBuildFile; fileRef = DF46325277174FC0998B6F6D /* Rubik-Regular.ttf */; };
		81C5F9C37B2D41048F4CE4F2 /* Rubik-SemiBold.ttf in Resources */ = {isa = PBXBuildFile; fileRef = 0735531A597F4343B242A49B /* Rubik-SemiBold.ttf */; };
		878798E7CD324DAFA2122579 /* Rubik-SemiBoldItalic.ttf in Resources */ = {isa = PBXBuildFile; fileRef = 08CC00F389834DE1A7C8EB8A /* Rubik-SemiBoldItalic.ttf */; };
/* End PBXBuildFile section */

/* Begin PBXContainerItemProxy section */
		00E356F41AD99517003FC87E /* PBXContainerItemProxy */ = {
			isa = PBXContainerItemProxy;
			containerPortal = 83CBB9F71A601CBA00E9B192 /* Project object */;
			proxyType = 1;
			remoteGlobalIDString = 13B07F861A680F5B00A75B9A;
			remoteInfo = vaxchain;
		};
/* End PBXContainerItemProxy section */

/* Begin PBXFileReference section */
		00E356EE1AD99517003FC87E /* vaxchainTests.xctest */ = {isa = PBXFileReference; explicitFileType = wrapper.cfbundle; includeInIndex = 0; path = vaxchainTests.xctest; sourceTree = BUILT_PRODUCTS_DIR; };
		00E356F11AD99517003FC87E /* Info.plist */ = {isa = PBXFileReference; lastKnownFileType = text.plist.xml; path = Info.plist; sourceTree = "<group>"; };
		00E356F21AD99517003FC87E /* vaxchainTests.m */ = {isa = PBXFileReference; lastKnownFileType = sourcecode.c.objc; path = vaxchainTests.m; sourceTree = "<group>"; };
		13B07F961A680F5B00A75B9A /* vaxchain.app */ = {isa = PBXFileReference; explicitFileType = wrapper.application; includeInIndex = 0; path = vaxchain.app; sourceTree = BUILT_PRODUCTS_DIR; };
		13B07FAF1A68108700A75B9A /* AppDelegate.h */ = {isa = PBXFileReference; fileEncoding = 4; lastKnownFileType = sourcecode.c.h; name = AppDelegate.h; path = vaxchain/AppDelegate.h; sourceTree = "<group>"; };
		13B07FB01A68108700A75B9A /* AppDelegate.m */ = {isa = PBXFileReference; fileEncoding = 4; lastKnownFileType = sourcecode.c.objc; name = AppDelegate.m; path = vaxchain/AppDelegate.m; sourceTree = "<group>"; };
		13B07FB51A68108700A75B9A /* Images.xcassets */ = {isa = PBXFileReference; lastKnownFileType = folder.assetcatalog; name = Images.xcassets; path = vaxchain/Images.xcassets; sourceTree = "<group>"; };
		13B07FB61A68108700A75B9A /* Info.plist */ = {isa = PBXFileReference; fileEncoding = 4; lastKnownFileType = text.plist.xml; name = Info.plist; path = vaxchain/Info.plist; sourceTree = "<group>"; };
		13B07FB71A68108700A75B9A /* main.m */ = {isa = PBXFileReference; fileEncoding = 4; lastKnownFileType = sourcecode.c.objc; name = main.m; path = vaxchain/main.m; sourceTree = "<group>"; };
		81AB9BB72411601600AC10FF /* LaunchScreen.storyboard */ = {isa = PBXFileReference; fileEncoding = 4; lastKnownFileType = file.storyboard; name = LaunchScreen.storyboard; path = vaxchain/LaunchScreen.storyboard; sourceTree = "<group>"; };
		ED297162215061F000B7C4FE /* JavaScriptCore.framework */ = {isa = PBXFileReference; lastKnownFileType = wrapper.framework; name = JavaScriptCore.framework; path = System/Library/Frameworks/JavaScriptCore.framework; sourceTree = SDKROOT; };
		F61A529008DC4A0DB295E107 /* AntDesign.ttf */ = {isa = PBXFileReference; name = "AntDesign.ttf"; path = "../node_modules/react-native-vector-icons/Fonts/AntDesign.ttf"; sourceTree = "<group>"; fileEncoding = undefined; lastKnownFileType = unknown; explicitFileType = undefined; includeInIndex = 0; };
		DC69A8179E2248D7A4BA79F9 /* Entypo.ttf */ = {isa = PBXFileReference; name = "Entypo.ttf"; path = "../node_modules/react-native-vector-icons/Fonts/Entypo.ttf"; sourceTree = "<group>"; fileEncoding = undefined; lastKnownFileType = unknown; explicitFileType = undefined; includeInIndex = 0; };
		233D6AA1758D46AE84A75C17 /* EvilIcons.ttf */ = {isa = PBXFileReference; name = "EvilIcons.ttf"; path = "../node_modules/react-native-vector-icons/Fonts/EvilIcons.ttf"; sourceTree = "<group>"; fileEncoding = undefined; lastKnownFileType = unknown; explicitFileType = undefined; includeInIndex = 0; };
		266AC285CB6C41A299EC60F2 /* Feather.ttf */ = {isa = PBXFileReference; name = "Feather.ttf"; path = "../node_modules/react-native-vector-icons/Fonts/Feather.ttf"; sourceTree = "<group>"; fileEncoding = undefined; lastKnownFileType = unknown; explicitFileType = undefined; includeInIndex = 0; };
		A6A5D67ADA604CA39738B776 /* FontAwesome.ttf */ = {isa = PBXFileReference; name = "FontAwesome.ttf"; path = "../node_modules/react-native-vector-icons/Fonts/FontAwesome.ttf"; sourceTree = "<group>"; fileEncoding = undefined; lastKnownFileType = unknown; explicitFileType = undefined; includeInIndex = 0; };
		3C8DB15DD1CB4A24924CAA96 /* FontAwesome5_Brands.ttf */ = {isa = PBXFileReference; name = "FontAwesome5_Brands.ttf"; path = "../node_modules/react-native-vector-icons/Fonts/FontAwesome5_Brands.ttf"; sourceTree = "<group>"; fileEncoding = undefined; lastKnownFileType = unknown; explicitFileType = undefined; includeInIndex = 0; };
		242A068EF0C14422A50781C2 /* FontAwesome5_Regular.ttf */ = {isa = PBXFileReference; name = "FontAwesome5_Regular.ttf"; path = "../node_modules/react-native-vector-icons/Fonts/FontAwesome5_Regular.ttf"; sourceTree = "<group>"; fileEncoding = undefined; lastKnownFileType = unknown; explicitFileType = undefined; includeInIndex = 0; };
		02CC65FF6FAB4D7BA99481D4 /* FontAwesome5_Solid.ttf */ = {isa = PBXFileReference; name = "FontAwesome5_Solid.ttf"; path = "../node_modules/react-native-vector-icons/Fonts/FontAwesome5_Solid.ttf"; sourceTree = "<group>"; fileEncoding = undefined; lastKnownFileType = unknown; explicitFileType = undefined; includeInIndex = 0; };
		AD4789F0FCE9429D9DD4B469 /* Fontisto.ttf */ = {isa = PBXFileReference; name = "Fontisto.ttf"; path = "../node_modules/react-native-vector-icons/Fonts/Fontisto.ttf"; sourceTree = "<group>"; fileEncoding = undefined; lastKnownFileType = unknown; explicitFileType = undefined; includeInIndex = 0; };
		578A0F599EB54930ADFF5B4D /* Foundation.ttf */ = {isa = PBXFileReference; name = "Foundation.ttf"; path = "../node_modules/react-native-vector-icons/Fonts/Foundation.ttf"; sourceTree = "<group>"; fileEncoding = undefined; lastKnownFileType = unknown; explicitFileType = undefined; includeInIndex = 0; };
		3AC80848FD4C45B6ADD2D0B4 /* Ionicons.ttf */ = {isa = PBXFileReference; name = "Ionicons.ttf"; path = "../node_modules/react-native-vector-icons/Fonts/Ionicons.ttf"; sourceTree = "<group>"; fileEncoding = undefined; lastKnownFileType = unknown; explicitFileType = undefined; includeInIndex = 0; };
		956CAC9EBD224AFA9EC87F98 /* MaterialCommunityIcons.ttf */ = {isa = PBXFileReference; name = "MaterialCommunityIcons.ttf"; path = "../node_modules/react-native-vector-icons/Fonts/MaterialCommunityIcons.ttf"; sourceTree = "<group>"; fileEncoding = undefined; lastKnownFileType = unknown; explicitFileType = undefined; includeInIndex = 0; };
		C0D681D6521A4511B8891BEF /* MaterialIcons.ttf */ = {isa = PBXFileReference; name = "MaterialIcons.ttf"; path = "../node_modules/react-native-vector-icons/Fonts/MaterialIcons.ttf"; sourceTree = "<group>"; fileEncoding = undefined; lastKnownFileType = unknown; explicitFileType = undefined; includeInIndex = 0; };
		B6F089DB15C94EFC92424AC1 /* Octicons.ttf */ = {isa = PBXFileReference; name = "Octicons.ttf"; path = "../node_modules/react-native-vector-icons/Fonts/Octicons.ttf"; sourceTree = "<group>"; fileEncoding = undefined; lastKnownFileType = unknown; explicitFileType = undefined; includeInIndex = 0; };
		1A8D03F5EE934362B569DC49 /* SimpleLineIcons.ttf */ = {isa = PBXFileReference; name = "SimpleLineIcons.ttf"; path = "../node_modules/react-native-vector-icons/Fonts/SimpleLineIcons.ttf"; sourceTree = "<group>"; fileEncoding = undefined; lastKnownFileType = unknown; explicitFileType = undefined; includeInIndex = 0; };
		C7995FFEA0314ED5936D1DA4 /* Zocial.ttf */ = {isa = PBXFileReference; name = "Zocial.ttf"; path = "../node_modules/react-native-vector-icons/Fonts/Zocial.ttf"; sourceTree = "<group>"; fileEncoding = undefined; lastKnownFileType = unknown; explicitFileType = undefined; includeInIndex = 0; };
		4AE95FDC174A401EB371EA74 /* Poppins-Black.ttf */ = {isa = PBXFileReference; name = "Poppins-Black.ttf"; path = "../src/assets/fonts/Poppins-Black.ttf"; sourceTree = "<group>"; fileEncoding = undefined; lastKnownFileType = unknown; explicitFileType = undefined; includeInIndex = 0; };
		B29ED8E909DA4CAA87D78104 /* Poppins-BlackItalic.ttf */ = {isa = PBXFileReference; name = "Poppins-BlackItalic.ttf"; path = "../src/assets/fonts/Poppins-BlackItalic.ttf"; sourceTree = "<group>"; fileEncoding = undefined; lastKnownFileType = unknown; explicitFileType = undefined; includeInIndex = 0; };
		FEF5EC1ED5744DA49E7ED2BF /* Poppins-Bold.ttf */ = {isa = PBXFileReference; name = "Poppins-Bold.ttf"; path = "../src/assets/fonts/Poppins-Bold.ttf"; sourceTree = "<group>"; fileEncoding = undefined; lastKnownFileType = unknown; explicitFileType = undefined; includeInIndex = 0; };
		105D097FAF4B4636A00E5F3E /* Poppins-BoldItalic.ttf */ = {isa = PBXFileReference; name = "Poppins-BoldItalic.ttf"; path = "../src/assets/fonts/Poppins-BoldItalic.ttf"; sourceTree = "<group>"; fileEncoding = undefined; lastKnownFileType = unknown; explicitFileType = undefined; includeInIndex = 0; };
		1587655439AE4E11AC19C68B /* Poppins-ExtraBold.ttf */ = {isa = PBXFileReference; name = "Poppins-ExtraBold.ttf"; path = "../src/assets/fonts/Poppins-ExtraBold.ttf"; sourceTree = "<group>"; fileEncoding = undefined; lastKnownFileType = unknown; explicitFileType = undefined; includeInIndex = 0; };
		69E34C8AA6DB42CFB1D936C9 /* Poppins-ExtraBoldItalic.ttf */ = {isa = PBXFileReference; name = "Poppins-ExtraBoldItalic.ttf"; path = "../src/assets/fonts/Poppins-ExtraBoldItalic.ttf"; sourceTree = "<group>"; fileEncoding = undefined; lastKnownFileType = unknown; explicitFileType = undefined; includeInIndex = 0; };
		74D3A1CA377246A2905F41CF /* Poppins-ExtraLight.ttf */ = {isa = PBXFileReference; name = "Poppins-ExtraLight.ttf"; path = "../src/assets/fonts/Poppins-ExtraLight.ttf"; sourceTree = "<group>"; fileEncoding = undefined; lastKnownFileType = unknown; explicitFileType = undefined; includeInIndex = 0; };
		2282FC0A17CD491EA098A868 /* Poppins-ExtraLightItalic.ttf */ = {isa = PBXFileReference; name = "Poppins-ExtraLightItalic.ttf"; path = "../src/assets/fonts/Poppins-ExtraLightItalic.ttf"; sourceTree = "<group>"; fileEncoding = undefined; lastKnownFileType = unknown; explicitFileType = undefined; includeInIndex = 0; };
		1A6530A9762D4FB2825433EF /* Poppins-Italic.ttf */ = {isa = PBXFileReference; name = "Poppins-Italic.ttf"; path = "../src/assets/fonts/Poppins-Italic.ttf"; sourceTree = "<group>"; fileEncoding = undefined; lastKnownFileType = unknown; explicitFileType = undefined; includeInIndex = 0; };
		32701B25BA704330ABED47CC /* Poppins-Light.ttf */ = {isa = PBXFileReference; name = "Poppins-Light.ttf"; path = "../src/assets/fonts/Poppins-Light.ttf"; sourceTree = "<group>"; fileEncoding = undefined; lastKnownFileType = unknown; explicitFileType = undefined; includeInIndex = 0; };
		F0C03009B1ED466F9337876F /* Poppins-LightItalic.ttf */ = {isa = PBXFileReference; name = "Poppins-LightItalic.ttf"; path = "../src/assets/fonts/Poppins-LightItalic.ttf"; sourceTree = "<group>"; fileEncoding = undefined; lastKnownFileType = unknown; explicitFileType = undefined; includeInIndex = 0; };
		8AA029A120464800BD534BB7 /* Poppins-Medium.ttf */ = {isa = PBXFileReference; name = "Poppins-Medium.ttf"; path = "../src/assets/fonts/Poppins-Medium.ttf"; sourceTree = "<group>"; fileEncoding = undefined; lastKnownFileType = unknown; explicitFileType = undefined; includeInIndex = 0; };
		55175C45FAA144C7BB959DEF /* Poppins-MediumItalic.ttf */ = {isa = PBXFileReference; name = "Poppins-MediumItalic.ttf"; path = "../src/assets/fonts/Poppins-MediumItalic.ttf"; sourceTree = "<group>"; fileEncoding = undefined; lastKnownFileType = unknown; explicitFileType = undefined; includeInIndex = 0; };
		266775183AE446118F05173C /* Poppins-Regular.ttf */ = {isa = PBXFileReference; name = "Poppins-Regular.ttf"; path = "../src/assets/fonts/Poppins-Regular.ttf"; sourceTree = "<group>"; fileEncoding = undefined; lastKnownFileType = unknown; explicitFileType = undefined; includeInIndex = 0; };
		A8DFE16788CA4089A4AA1C1A /* Poppins-SemiBold.ttf */ = {isa = PBXFileReference; name = "Poppins-SemiBold.ttf"; path = "../src/assets/fonts/Poppins-SemiBold.ttf"; sourceTree = "<group>"; fileEncoding = undefined; lastKnownFileType = unknown; explicitFileType = undefined; includeInIndex = 0; };
		882F8496919E47F7BE92A216 /* Poppins-SemiBoldItalic.ttf */ = {isa = PBXFileReference; name = "Poppins-SemiBoldItalic.ttf"; path = "../src/assets/fonts/Poppins-SemiBoldItalic.ttf"; sourceTree = "<group>"; fileEncoding = undefined; lastKnownFileType = unknown; explicitFileType = undefined; includeInIndex = 0; };
		88A755023C2D407298C3060F /* Poppins-Thin.ttf */ = {isa = PBXFileReference; name = "Poppins-Thin.ttf"; path = "../src/assets/fonts/Poppins-Thin.ttf"; sourceTree = "<group>"; fileEncoding = undefined; lastKnownFileType = unknown; explicitFileType = undefined; includeInIndex = 0; };
		4302BA847A244250A54B2554 /* Poppins-ThinItalic.ttf */ = {isa = PBXFileReference; name = "Poppins-ThinItalic.ttf"; path = "../src/assets/fonts/Poppins-ThinItalic.ttf"; sourceTree = "<group>"; fileEncoding = undefined; lastKnownFileType = unknown; explicitFileType = undefined; includeInIndex = 0; };
		B95627E7DA884B3E9F687650 /* Rubik-Italic-VariableFont_wght.ttf */ = {isa = PBXFileReference; name = "Rubik-Italic-VariableFont_wght.ttf"; path = "../src/assets/fonts/Rubik-Italic-VariableFont_wght.ttf"; sourceTree = "<group>"; fileEncoding = undefined; lastKnownFileType = unknown; explicitFileType = undefined; includeInIndex = 0; };
		4434E17B32C74AACA28EA06E /* Rubik-VariableFont_wght.ttf */ = {isa = PBXFileReference; name = "Rubik-VariableFont_wght.ttf"; path = "../src/assets/fonts/Rubik-VariableFont_wght.ttf"; sourceTree = "<group>"; fileEncoding = undefined; lastKnownFileType = unknown; explicitFileType = undefined; includeInIndex = 0; };
		A3ECF38F2E554064A22ED533 /* Rubik-Black.ttf */ = {isa = PBXFileReference; name = "Rubik-Black.ttf"; path = "../src/assets/fonts/static/Rubik-Black.ttf"; sourceTree = "<group>"; fileEncoding = undefined; lastKnownFileType = unknown; explicitFileType = undefined; includeInIndex = 0; };
		E8EC776FCF1E4694BDCBD3C3 /* Rubik-BlackItalic.ttf */ = {isa = PBXFileReference; name = "Rubik-BlackItalic.ttf"; path = "../src/assets/fonts/static/Rubik-BlackItalic.ttf"; sourceTree = "<group>"; fileEncoding = undefined; lastKnownFileType = unknown; explicitFileType = undefined; includeInIndex = 0; };
		22DFB14D17144736B0999360 /* Rubik-Bold.ttf */ = {isa = PBXFileReference; name = "Rubik-Bold.ttf"; path = "../src/assets/fonts/static/Rubik-Bold.ttf"; sourceTree = "<group>"; fileEncoding = undefined; lastKnownFileType = unknown; explicitFileType = undefined; includeInIndex = 0; };
		A583126F018946CB840FD3AB /* Rubik-BoldItalic.ttf */ = {isa = PBXFileReference; name = "Rubik-BoldItalic.ttf"; path = "../src/assets/fonts/static/Rubik-BoldItalic.ttf"; sourceTree = "<group>"; fileEncoding = undefined; lastKnownFileType = unknown; explicitFileType = undefined; includeInIndex = 0; };
		BC6EB9F403AB4556AF3236FE /* Rubik-ExtraBold.ttf */ = {isa = PBXFileReference; name = "Rubik-ExtraBold.ttf"; path = "../src/assets/fonts/static/Rubik-ExtraBold.ttf"; sourceTree = "<group>"; fileEncoding = undefined; lastKnownFileType = unknown; explicitFileType = undefined; includeInIndex = 0; };
		B834283316854ADC80E4676A /* Rubik-ExtraBoldItalic.ttf */ = {isa = PBXFileReference; name = "Rubik-ExtraBoldItalic.ttf"; path = "../src/assets/fonts/static/Rubik-ExtraBoldItalic.ttf"; sourceTree = "<group>"; fileEncoding = undefined; lastKnownFileType = unknown; explicitFileType = undefined; includeInIndex = 0; };
		7879FB06E3F945448DA56C8B /* Rubik-Italic.ttf */ = {isa = PBXFileReference; name = "Rubik-Italic.ttf"; path = "../src/assets/fonts/static/Rubik-Italic.ttf"; sourceTree = "<group>"; fileEncoding = undefined; lastKnownFileType = unknown; explicitFileType = undefined; includeInIndex = 0; };
		84098356C75D4F2B9CCEC942 /* Rubik-Light.ttf */ = {isa = PBXFileReference; name = "Rubik-Light.ttf"; path = "../src/assets/fonts/static/Rubik-Light.ttf"; sourceTree = "<group>"; fileEncoding = undefined; lastKnownFileType = unknown; explicitFileType = undefined; includeInIndex = 0; };
		6C98808258FA4D7DA8642E1A /* Rubik-LightItalic.ttf */ = {isa = PBXFileReference; name = "Rubik-LightItalic.ttf"; path = "../src/assets/fonts/static/Rubik-LightItalic.ttf"; sourceTree = "<group>"; fileEncoding = undefined; lastKnownFileType = unknown; explicitFileType = undefined; includeInIndex = 0; };
		B271D6F944434D6D96FFADA7 /* Rubik-Medium.ttf */ = {isa = PBXFileReference; name = "Rubik-Medium.ttf"; path = "../src/assets/fonts/static/Rubik-Medium.ttf"; sourceTree = "<group>"; fileEncoding = undefined; lastKnownFileType = unknown; explicitFileType = undefined; includeInIndex = 0; };
		A03347AC16744608BF30BE0E /* Rubik-MediumItalic.ttf */ = {isa = PBXFileReference; name = "Rubik-MediumItalic.ttf"; path = "../src/assets/fonts/static/Rubik-MediumItalic.ttf"; sourceTree = "<group>"; fileEncoding = undefined; lastKnownFileType = unknown; explicitFileType = undefined; includeInIndex = 0; };
		937A0DCA16824FE0AB356BD7 /* Rubik-Regular.ttf */ = {isa = PBXFileReference; name = "Rubik-Regular.ttf"; path = "../src/assets/fonts/static/Rubik-Regular.ttf"; sourceTree = "<group>"; fileEncoding = undefined; lastKnownFileType = unknown; explicitFileType = undefined; includeInIndex = 0; };
		378B233A340F4968829C6FAD /* Rubik-SemiBold.ttf */ = {isa = PBXFileReference; name = "Rubik-SemiBold.ttf"; path = "../src/assets/fonts/static/Rubik-SemiBold.ttf"; sourceTree = "<group>"; fileEncoding = undefined; lastKnownFileType = unknown; explicitFileType = undefined; includeInIndex = 0; };
		DE0F6020A51E477D9451DFF1 /* Rubik-SemiBoldItalic.ttf */ = {isa = PBXFileReference; name = "Rubik-SemiBoldItalic.ttf"; path = "../src/assets/fonts/static/Rubik-SemiBoldItalic.ttf"; sourceTree = "<group>"; fileEncoding = undefined; lastKnownFileType = unknown; explicitFileType = undefined; includeInIndex = 0; };
		4CF4A2DF59844025AE43997B /* Rubik-Black.ttf */ = {isa = PBXFileReference; name = "Rubik-Black.ttf"; path = "../src/assets/fonts/Rubik-Black.ttf"; sourceTree = "<group>"; fileEncoding = undefined; lastKnownFileType = unknown; explicitFileType = undefined; includeInIndex = 0; };
		282C2BBBF0314E0D9EB2DEBE /* Rubik-BlackItalic.ttf */ = {isa = PBXFileReference; name = "Rubik-BlackItalic.ttf"; path = "../src/assets/fonts/Rubik-BlackItalic.ttf"; sourceTree = "<group>"; fileEncoding = undefined; lastKnownFileType = unknown; explicitFileType = undefined; includeInIndex = 0; };
		47BA1EABFCF54C9882911506 /* Rubik-Bold.ttf */ = {isa = PBXFileReference; name = "Rubik-Bold.ttf"; path = "../src/assets/fonts/Rubik-Bold.ttf"; sourceTree = "<group>"; fileEncoding = undefined; lastKnownFileType = unknown; explicitFileType = undefined; includeInIndex = 0; };
		FF374B08B8F64C7383A24E25 /* Rubik-BoldItalic.ttf */ = {isa = PBXFileReference; name = "Rubik-BoldItalic.ttf"; path = "../src/assets/fonts/Rubik-BoldItalic.ttf"; sourceTree = "<group>"; fileEncoding = undefined; lastKnownFileType = unknown; explicitFileType = undefined; includeInIndex = 0; };
		7F6A00A972F743E2A949AF7F /* Rubik-ExtraBold.ttf */ = {isa = PBXFileReference; name = "Rubik-ExtraBold.ttf"; path = "../src/assets/fonts/Rubik-ExtraBold.ttf"; sourceTree = "<group>"; fileEncoding = undefined; lastKnownFileType = unknown; explicitFileType = undefined; includeInIndex = 0; };
		6F6E21C007934157A5709EE9 /* Rubik-ExtraBoldItalic.ttf */ = {isa = PBXFileReference; name = "Rubik-ExtraBoldItalic.ttf"; path = "../src/assets/fonts/Rubik-ExtraBoldItalic.ttf"; sourceTree = "<group>"; fileEncoding = undefined; lastKnownFileType = unknown; explicitFileType = undefined; includeInIndex = 0; };
		D0BC64CD3D164E55AFD15B0D /* Rubik-Italic.ttf */ = {isa = PBXFileReference; name = "Rubik-Italic.ttf"; path = "../src/assets/fonts/Rubik-Italic.ttf"; sourceTree = "<group>"; fileEncoding = undefined; lastKnownFileType = unknown; explicitFileType = undefined; includeInIndex = 0; };
		184D121FC6744E248F00877E /* Rubik-Light.ttf */ = {isa = PBXFileReference; name = "Rubik-Light.ttf"; path = "../src/assets/fonts/Rubik-Light.ttf"; sourceTree = "<group>"; fileEncoding = undefined; lastKnownFileType = unknown; explicitFileType = undefined; includeInIndex = 0; };
		DA1F4371605344AC88FE028E /* Rubik-LightItalic.ttf */ = {isa = PBXFileReference; name = "Rubik-LightItalic.ttf"; path = "../src/assets/fonts/Rubik-LightItalic.ttf"; sourceTree = "<group>"; fileEncoding = undefined; lastKnownFileType = unknown; explicitFileType = undefined; includeInIndex = 0; };
		F77672F0A24F4F4997AE551E /* Rubik-Medium.ttf */ = {isa = PBXFileReference; name = "Rubik-Medium.ttf"; path = "../src/assets/fonts/Rubik-Medium.ttf"; sourceTree = "<group>"; fileEncoding = undefined; lastKnownFileType = unknown; explicitFileType = undefined; includeInIndex = 0; };
		1AAC429B00A5421FBF99DCEA /* Rubik-MediumItalic.ttf */ = {isa = PBXFileReference; name = "Rubik-MediumItalic.ttf"; path = "../src/assets/fonts/Rubik-MediumItalic.ttf"; sourceTree = "<group>"; fileEncoding = undefined; lastKnownFileType = unknown; explicitFileType = undefined; includeInIndex = 0; };
		DF46325277174FC0998B6F6D /* Rubik-Regular.ttf */ = {isa = PBXFileReference; name = "Rubik-Regular.ttf"; path = "../src/assets/fonts/Rubik-Regular.ttf"; sourceTree = "<group>"; fileEncoding = undefined; lastKnownFileType = unknown; explicitFileType = undefined; includeInIndex = 0; };
		0735531A597F4343B242A49B /* Rubik-SemiBold.ttf */ = {isa = PBXFileReference; name = "Rubik-SemiBold.ttf"; path = "../src/assets/fonts/Rubik-SemiBold.ttf"; sourceTree = "<group>"; fileEncoding = undefined; lastKnownFileType = unknown; explicitFileType = undefined; includeInIndex = 0; };
		08CC00F389834DE1A7C8EB8A /* Rubik-SemiBoldItalic.ttf */ = {isa = PBXFileReference; name = "Rubik-SemiBoldItalic.ttf"; path = "../src/assets/fonts/Rubik-SemiBoldItalic.ttf"; sourceTree = "<group>"; fileEncoding = undefined; lastKnownFileType = unknown; explicitFileType = undefined; includeInIndex = 0; };
/* End PBXFileReference section */

/* Begin PBXFrameworksBuildPhase section */
		00E356EB1AD99517003FC87E /* Frameworks */ = {
			isa = PBXFrameworksBuildPhase;
			buildActionMask = 2147483647;
			files = (
			);
			runOnlyForDeploymentPostprocessing = 0;
		};
		13B07F8C1A680F5B00A75B9A /* Frameworks */ = {
			isa = PBXFrameworksBuildPhase;
			buildActionMask = 2147483647;
			files = (
			);
			runOnlyForDeploymentPostprocessing = 0;
		};
/* End PBXFrameworksBuildPhase section */

/* Begin PBXGroup section */
		00E356EF1AD99517003FC87E /* vaxchainTests */ = {
			isa = PBXGroup;
			children = (
				00E356F21AD99517003FC87E /* vaxchainTests.m */,
				00E356F01AD99517003FC87E /* Supporting Files */,
			);
			path = vaxchainTests;
			sourceTree = "<group>";
		};
		00E356F01AD99517003FC87E /* Supporting Files */ = {
			isa = PBXGroup;
			children = (
				00E356F11AD99517003FC87E /* Info.plist */,
			);
			name = "Supporting Files";
			sourceTree = "<group>";
		};
		13B07FAE1A68108700A75B9A /* vaxchain */ = {
			isa = PBXGroup;
			children = (
				13B07FAF1A68108700A75B9A /* AppDelegate.h */,
				13B07FB01A68108700A75B9A /* AppDelegate.m */,
				13B07FB51A68108700A75B9A /* Images.xcassets */,
				13B07FB61A68108700A75B9A /* Info.plist */,
				81AB9BB72411601600AC10FF /* LaunchScreen.storyboard */,
				13B07FB71A68108700A75B9A /* main.m */,
			);
			name = vaxchain;
			sourceTree = "<group>";
		};
		2D16E6871FA4F8E400B85C8A /* Frameworks */ = {
			isa = PBXGroup;
			children = (
				ED297162215061F000B7C4FE /* JavaScriptCore.framework */,
			);
			name = Frameworks;
			sourceTree = "<group>";
		};
		832341AE1AAA6A7D00B99B32 /* Libraries */ = {
			isa = PBXGroup;
			children = (
			);
			name = Libraries;
			sourceTree = "<group>";
		};
		83CBB9F61A601CBA00E9B192 = {
			isa = PBXGroup;
			children = (
				13B07FAE1A68108700A75B9A /* vaxchain */,
				832341AE1AAA6A7D00B99B32 /* Libraries */,
				00E356EF1AD99517003FC87E /* vaxchainTests */,
				83CBBA001A601CBA00E9B192 /* Products */,
				2D16E6871FA4F8E400B85C8A /* Frameworks */,
				88BAA44AD775499FBF78BDA8 /* Resources */,
			);
			indentWidth = 2;
			sourceTree = "<group>";
			tabWidth = 2;
			usesTabs = 0;
		};
		83CBBA001A601CBA00E9B192 /* Products */ = {
			isa = PBXGroup;
			children = (
				13B07F961A680F5B00A75B9A /* vaxchain.app */,
				00E356EE1AD99517003FC87E /* vaxchainTests.xctest */,
			);
			name = Products;
			sourceTree = "<group>";
		};
		88BAA44AD775499FBF78BDA8 /* Resources */ = {
			isa = "PBXGroup";
			children = (
				F61A529008DC4A0DB295E107 /* AntDesign.ttf */,
				DC69A8179E2248D7A4BA79F9 /* Entypo.ttf */,
				233D6AA1758D46AE84A75C17 /* EvilIcons.ttf */,
				266AC285CB6C41A299EC60F2 /* Feather.ttf */,
				A6A5D67ADA604CA39738B776 /* FontAwesome.ttf */,
				3C8DB15DD1CB4A24924CAA96 /* FontAwesome5_Brands.ttf */,
				242A068EF0C14422A50781C2 /* FontAwesome5_Regular.ttf */,
				02CC65FF6FAB4D7BA99481D4 /* FontAwesome5_Solid.ttf */,
				AD4789F0FCE9429D9DD4B469 /* Fontisto.ttf */,
				578A0F599EB54930ADFF5B4D /* Foundation.ttf */,
				3AC80848FD4C45B6ADD2D0B4 /* Ionicons.ttf */,
				956CAC9EBD224AFA9EC87F98 /* MaterialCommunityIcons.ttf */,
				C0D681D6521A4511B8891BEF /* MaterialIcons.ttf */,
				B6F089DB15C94EFC92424AC1 /* Octicons.ttf */,
				1A8D03F5EE934362B569DC49 /* SimpleLineIcons.ttf */,
				C7995FFEA0314ED5936D1DA4 /* Zocial.ttf */,
				4AE95FDC174A401EB371EA74 /* Poppins-Black.ttf */,
				B29ED8E909DA4CAA87D78104 /* Poppins-BlackItalic.ttf */,
				FEF5EC1ED5744DA49E7ED2BF /* Poppins-Bold.ttf */,
				105D097FAF4B4636A00E5F3E /* Poppins-BoldItalic.ttf */,
				1587655439AE4E11AC19C68B /* Poppins-ExtraBold.ttf */,
				69E34C8AA6DB42CFB1D936C9 /* Poppins-ExtraBoldItalic.ttf */,
				74D3A1CA377246A2905F41CF /* Poppins-ExtraLight.ttf */,
				2282FC0A17CD491EA098A868 /* Poppins-ExtraLightItalic.ttf */,
				1A6530A9762D4FB2825433EF /* Poppins-Italic.ttf */,
				32701B25BA704330ABED47CC /* Poppins-Light.ttf */,
				F0C03009B1ED466F9337876F /* Poppins-LightItalic.ttf */,
				8AA029A120464800BD534BB7 /* Poppins-Medium.ttf */,
				55175C45FAA144C7BB959DEF /* Poppins-MediumItalic.ttf */,
				266775183AE446118F05173C /* Poppins-Regular.ttf */,
				A8DFE16788CA4089A4AA1C1A /* Poppins-SemiBold.ttf */,
				882F8496919E47F7BE92A216 /* Poppins-SemiBoldItalic.ttf */,
				88A755023C2D407298C3060F /* Poppins-Thin.ttf */,
				4302BA847A244250A54B2554 /* Poppins-ThinItalic.ttf */,
				B95627E7DA884B3E9F687650 /* Rubik-Italic-VariableFont_wght.ttf */,
				4434E17B32C74AACA28EA06E /* Rubik-VariableFont_wght.ttf */,
				A3ECF38F2E554064A22ED533 /* Rubik-Black.ttf */,
				E8EC776FCF1E4694BDCBD3C3 /* Rubik-BlackItalic.ttf */,
				22DFB14D17144736B0999360 /* Rubik-Bold.ttf */,
				A583126F018946CB840FD3AB /* Rubik-BoldItalic.ttf */,
				BC6EB9F403AB4556AF3236FE /* Rubik-ExtraBold.ttf */,
				B834283316854ADC80E4676A /* Rubik-ExtraBoldItalic.ttf */,
				7879FB06E3F945448DA56C8B /* Rubik-Italic.ttf */,
				84098356C75D4F2B9CCEC942 /* Rubik-Light.ttf */,
				6C98808258FA4D7DA8642E1A /* Rubik-LightItalic.ttf */,
				B271D6F944434D6D96FFADA7 /* Rubik-Medium.ttf */,
				A03347AC16744608BF30BE0E /* Rubik-MediumItalic.ttf */,
				937A0DCA16824FE0AB356BD7 /* Rubik-Regular.ttf */,
				378B233A340F4968829C6FAD /* Rubik-SemiBold.ttf */,
				DE0F6020A51E477D9451DFF1 /* Rubik-SemiBoldItalic.ttf */,
				4CF4A2DF59844025AE43997B /* Rubik-Black.ttf */,
				282C2BBBF0314E0D9EB2DEBE /* Rubik-BlackItalic.ttf */,
				47BA1EABFCF54C9882911506 /* Rubik-Bold.ttf */,
				FF374B08B8F64C7383A24E25 /* Rubik-BoldItalic.ttf */,
				7F6A00A972F743E2A949AF7F /* Rubik-ExtraBold.ttf */,
				6F6E21C007934157A5709EE9 /* Rubik-ExtraBoldItalic.ttf */,
				D0BC64CD3D164E55AFD15B0D /* Rubik-Italic.ttf */,
				184D121FC6744E248F00877E /* Rubik-Light.ttf */,
				DA1F4371605344AC88FE028E /* Rubik-LightItalic.ttf */,
				F77672F0A24F4F4997AE551E /* Rubik-Medium.ttf */,
				1AAC429B00A5421FBF99DCEA /* Rubik-MediumItalic.ttf */,
				DF46325277174FC0998B6F6D /* Rubik-Regular.ttf */,
				0735531A597F4343B242A49B /* Rubik-SemiBold.ttf */,
				08CC00F389834DE1A7C8EB8A /* Rubik-SemiBoldItalic.ttf */,
			);
			name = Resources;
			sourceTree = "<group>";
			path = "";
		};
/* End PBXGroup section */

/* Begin PBXNativeTarget section */
		00E356ED1AD99517003FC87E /* vaxchainTests */ = {
			isa = PBXNativeTarget;
			buildConfigurationList = 00E357021AD99517003FC87E /* Build configuration list for PBXNativeTarget "vaxchainTests" */;
			buildPhases = (
				00E356EA1AD99517003FC87E /* Sources */,
				00E356EB1AD99517003FC87E /* Frameworks */,
				00E356EC1AD99517003FC87E /* Resources */,
			);
			buildRules = (
			);
			dependencies = (
				00E356F51AD99517003FC87E /* PBXTargetDependency */,
			);
			name = vaxchainTests;
			productName = vaxchainTests;
			productReference = 00E356EE1AD99517003FC87E /* vaxchainTests.xctest */;
			productType = "com.apple.product-type.bundle.unit-test";
		};
		13B07F861A680F5B00A75B9A /* vaxchain */ = {
			isa = PBXNativeTarget;
			buildConfigurationList = 13B07F931A680F5B00A75B9A /* Build configuration list for PBXNativeTarget "vaxchain" */;
			buildPhases = (
				FD10A7F022414F080027D42C /* Start Packager */,
				13B07F871A680F5B00A75B9A /* Sources */,
				13B07F8C1A680F5B00A75B9A /* Frameworks */,
				13B07F8E1A680F5B00A75B9A /* Resources */,
				00DD1BFF1BD5951E006B06BC /* Bundle React Native code and images */,
			);
			buildRules = (
			);
			dependencies = (
			);
			name = vaxchain;
			productName = vaxchain;
			productReference = 13B07F961A680F5B00A75B9A /* vaxchain.app */;
			productType = "com.apple.product-type.application";
		};
/* End PBXNativeTarget section */

/* Begin PBXProject section */
		83CBB9F71A601CBA00E9B192 /* Project object */ = {
			isa = PBXProject;
			attributes = {
				LastUpgradeCheck = 1210;
				TargetAttributes = {
					00E356ED1AD99517003FC87E = {
						CreatedOnToolsVersion = 6.2;
						TestTargetID = 13B07F861A680F5B00A75B9A;
					};
					13B07F861A680F5B00A75B9A = {
						LastSwiftMigration = 1120;
					};
				};
			};
			buildConfigurationList = 83CBB9FA1A601CBA00E9B192 /* Build configuration list for PBXProject "vaxchain" */;
			compatibilityVersion = "Xcode 12.0";
			developmentRegion = en;
			hasScannedForEncodings = 0;
			knownRegions = (
				en,
				Base,
			);
			mainGroup = 83CBB9F61A601CBA00E9B192;
			productRefGroup = 83CBBA001A601CBA00E9B192 /* Products */;
			projectDirPath = "";
			projectRoot = "";
			targets = (
				13B07F861A680F5B00A75B9A /* vaxchain */,
				00E356ED1AD99517003FC87E /* vaxchainTests */,
			);
		};
/* End PBXProject section */

/* Begin PBXResourcesBuildPhase section */
		00E356EC1AD99517003FC87E /* Resources */ = {
			isa = PBXResourcesBuildPhase;
			buildActionMask = 2147483647;
			files = (
			);
			runOnlyForDeploymentPostprocessing = 0;
		};
		13B07F8E1A680F5B00A75B9A /* Resources */ = {
			isa = PBXResourcesBuildPhase;
			buildActionMask = 2147483647;
			files = (
				81AB9BB82411601600AC10FF /* LaunchScreen.storyboard in Resources */,
				13B07FBF1A68108700A75B9A /* Images.xcassets in Resources */,
				F317A3E09ADC4E4BBBD0A280 /* AntDesign.ttf in Resources */,
				FBB979461E6642FBB382E634 /* Entypo.ttf in Resources */,
				80C60EFDE0A14785BE377B65 /* EvilIcons.ttf in Resources */,
				49C79382ABE14A2C97AD541B /* Feather.ttf in Resources */,
				17488C3AE31E424C8C974F3D /* FontAwesome.ttf in Resources */,
				4F557245FE2F4F9386334913 /* FontAwesome5_Brands.ttf in Resources */,
				7EA471BFBE8F4D87BD8AB683 /* FontAwesome5_Regular.ttf in Resources */,
				75F4935CA68C4D459F028622 /* FontAwesome5_Solid.ttf in Resources */,
				51609549364C40C5BCD70784 /* Fontisto.ttf in Resources */,
				6598565FF83A42C0A97661A9 /* Foundation.ttf in Resources */,
				175905E33C2940378A49E7A1 /* Ionicons.ttf in Resources */,
				7901753833394D64932F6F5C /* MaterialCommunityIcons.ttf in Resources */,
				3201A31FF3C44C4C984DE807 /* MaterialIcons.ttf in Resources */,
				F93ABC1549034B31B2D7E092 /* Octicons.ttf in Resources */,
				D2E04F2D801747EBBF62807A /* SimpleLineIcons.ttf in Resources */,
				98A088B780844225A77B3BA0 /* Zocial.ttf in Resources */,
				D0EB26A1B467460F80D6FFA4 /* Poppins-Black.ttf in Resources */,
				F9A04C70868D4723A1C81AA4 /* Poppins-BlackItalic.ttf in Resources */,
				0E98EAD31DFF4D66B4FA2191 /* Poppins-Bold.ttf in Resources */,
				61958DB71708494EA11D0943 /* Poppins-BoldItalic.ttf in Resources */,
				C063FD412D024C16A05FBA9C /* Poppins-ExtraBold.ttf in Resources */,
				ADD5610360A24A058E5F1D5D /* Poppins-ExtraBoldItalic.ttf in Resources */,
				504F1C991DDA4A808A331E61 /* Poppins-ExtraLight.ttf in Resources */,
				2C73749682DC43B382ED0EF6 /* Poppins-ExtraLightItalic.ttf in Resources */,
				AB8676951D5645EEAFD77E03 /* Poppins-Italic.ttf in Resources */,
				0AF1878CBDBE4C36AAC99919 /* Poppins-Light.ttf in Resources */,
				E39EB3C3ABC1421B8B473B5F /* Poppins-LightItalic.ttf in Resources */,
				DD2BBD6963A04E638F5B6897 /* Poppins-Medium.ttf in Resources */,
				33AC5C8D5029465B84055EE9 /* Poppins-MediumItalic.ttf in Resources */,
				0357B03A1F5E44858A6BD346 /* Poppins-Regular.ttf in Resources */,
				C895CBFAB27F4A0B8AC543F0 /* Poppins-SemiBold.ttf in Resources */,
				6A5DE8E1EB21439AA89384C5 /* Poppins-SemiBoldItalic.ttf in Resources */,
				14F67005ACA94AA882F49BB9 /* Poppins-Thin.ttf in Resources */,
				40D4B31709B641B0A58D8FE5 /* Poppins-ThinItalic.ttf in Resources */,
				49AAC826424F4A56A0A8E77F /* Rubik-Italic-VariableFont_wght.ttf in Resources */,
				C53EA2045FBA4D5DBA2B53F3 /* Rubik-VariableFont_wght.ttf in Resources */,
				25174B7FABAF417785F0C1E8 /* Rubik-Black.ttf in Resources */,
				266309C5A0D64B5095FAD3C0 /* Rubik-BlackItalic.ttf in Resources */,
				1DCAB786D8814BD0B96BF40E /* Rubik-Bold.ttf in Resources */,
				DC107958F0734384AD1F60E2 /* Rubik-BoldItalic.ttf in Resources */,
				6E632E03C1C14E0E98A2B6B7 /* Rubik-ExtraBold.ttf in Resources */,
				78248ADD64054555B23628C3 /* Rubik-ExtraBoldItalic.ttf in Resources */,
				4E2B7D9F00F147CD8B8089C5 /* Rubik-Italic.ttf in Resources */,
				B6D7B8CDD7E648A3A88887CD /* Rubik-Light.ttf in Resources */,
				D14BAE45A2DF47118F1FAFFD /* Rubik-LightItalic.ttf in Resources */,
				5DDCDD3C25A4478691AD48B5 /* Rubik-Medium.ttf in Resources */,
				1130926A810143B8804D0A3B /* Rubik-MediumItalic.ttf in Resources */,
				A440D4F27A614BEAB080938B /* Rubik-Regular.ttf in Resources */,
				AB62630E8E9A427C80B393E8 /* Rubik-SemiBold.ttf in Resources */,
				07CE574033BD41879CFA0AB3 /* Rubik-SemiBoldItalic.ttf in Resources */,
				EC7D1DB664794946A717312C /* Rubik-Black.ttf in Resources */,
				AE99328935E14E4281B3EA05 /* Rubik-BlackItalic.ttf in Resources */,
				6A317B3209474C1DB49EBC05 /* Rubik-Bold.ttf in Resources */,
				F3554F0B052049F894DE286F /* Rubik-BoldItalic.ttf in Resources */,
				FF610DFCC19C4545AFFB1A60 /* Rubik-ExtraBold.ttf in Resources */,
				CAA358BCBD314576BF18ECF8 /* Rubik-ExtraBoldItalic.ttf in Resources */,
				2EC1016DA54D4E448A6E818E /* Rubik-Italic.ttf in Resources */,
				415B20179CC14BFAA3E94895 /* Rubik-Light.ttf in Resources */,
				8B1E88AFF19443A1ACE46FEA /* Rubik-LightItalic.ttf in Resources */,
				3C553334977248EFB5EFB17E /* Rubik-Medium.ttf in Resources */,
				9D101B2DDE3B4B69A2310322 /* Rubik-MediumItalic.ttf in Resources */,
				9C245B057C294306B460F172 /* Rubik-Regular.ttf in Resources */,
				81C5F9C37B2D41048F4CE4F2 /* Rubik-SemiBold.ttf in Resources */,
				878798E7CD324DAFA2122579 /* Rubik-SemiBoldItalic.ttf in Resources */,
			);
			runOnlyForDeploymentPostprocessing = 0;
		};
/* End PBXResourcesBuildPhase section */

/* Begin PBXShellScriptBuildPhase section */
		00DD1BFF1BD5951E006B06BC /* Bundle React Native code and images */ = {
			isa = PBXShellScriptBuildPhase;
			buildActionMask = 2147483647;
			files = (
			);
			inputPaths = (
			);
			name = "Bundle React Native code and images";
			outputPaths = (
			);
			runOnlyForDeploymentPostprocessing = 0;
			shellPath = /bin/sh;
			shellScript = "set -e\n\nexport NODE_BINARY=node\n../node_modules/react-native/scripts/react-native-xcode.sh\n";
		};
		FD10A7F022414F080027D42C /* Start Packager */ = {
			isa = PBXShellScriptBuildPhase;
			buildActionMask = 2147483647;
			files = (
			);
			inputFileListPaths = (
			);
			inputPaths = (
			);
			name = "Start Packager";
			outputFileListPaths = (
			);
			outputPaths = (
			);
			runOnlyForDeploymentPostprocessing = 0;
			shellPath = /bin/sh;
			shellScript = "export RCT_METRO_PORT=\"${RCT_METRO_PORT:=8081}\"\necho \"export RCT_METRO_PORT=${RCT_METRO_PORT}\" > \"${SRCROOT}/../node_modules/react-native/scripts/.packager.env\"\nif [ -z \"${RCT_NO_LAUNCH_PACKAGER+xxx}\" ] ; then\n  if nc -w 5 -z localhost ${RCT_METRO_PORT} ; then\n    if ! curl -s \"http://localhost:${RCT_METRO_PORT}/status\" | grep -q \"packager-status:running\" ; then\n      echo \"Port ${RCT_METRO_PORT} already in use, packager is either not running or not running correctly\"\n      exit 2\n    fi\n  else\n    open \"$SRCROOT/../node_modules/react-native/scripts/launchPackager.command\" || echo \"Can't start packager automatically\"\n  fi\nfi\n";
			showEnvVarsInLog = 0;
		};
/* End PBXShellScriptBuildPhase section */

/* Begin PBXSourcesBuildPhase section */
		00E356EA1AD99517003FC87E /* Sources */ = {
			isa = PBXSourcesBuildPhase;
			buildActionMask = 2147483647;
			files = (
				00E356F31AD99517003FC87E /* vaxchainTests.m in Sources */,
			);
			runOnlyForDeploymentPostprocessing = 0;
		};
		13B07F871A680F5B00A75B9A /* Sources */ = {
			isa = PBXSourcesBuildPhase;
			buildActionMask = 2147483647;
			files = (
				13B07FBC1A68108700A75B9A /* AppDelegate.m in Sources */,
				13B07FC11A68108700A75B9A /* main.m in Sources */,
			);
			runOnlyForDeploymentPostprocessing = 0;
		};
/* End PBXSourcesBuildPhase section */

/* Begin PBXTargetDependency section */
		00E356F51AD99517003FC87E /* PBXTargetDependency */ = {
			isa = PBXTargetDependency;
			target = 13B07F861A680F5B00A75B9A /* vaxchain */;
			targetProxy = 00E356F41AD99517003FC87E /* PBXContainerItemProxy */;
		};
/* End PBXTargetDependency section */

/* Begin XCBuildConfiguration section */
		00E356F61AD99517003FC87E /* Debug */ = {
			isa = XCBuildConfiguration;
			buildSettings = {
				BUNDLE_LOADER = "$(TEST_HOST)";
				GCC_PREPROCESSOR_DEFINITIONS = (
					"DEBUG=1",
					"$(inherited)",
				);
				INFOPLIST_FILE = vaxchainTests/Info.plist;
				IPHONEOS_DEPLOYMENT_TARGET = 10.0;
				LD_RUNPATH_SEARCH_PATHS = (
					"$(inherited)",
					"@executable_path/Frameworks",
					"@loader_path/Frameworks",
				);
				OTHER_LDFLAGS = (
					"-ObjC",
					"-lc++",
					"$(inherited)",
				);
				PRODUCT_BUNDLE_IDENTIFIER = "org.reactjs.native.example.$(PRODUCT_NAME:rfc1034identifier)";
				PRODUCT_NAME = "$(TARGET_NAME)";
				TEST_HOST = "$(BUILT_PRODUCTS_DIR)/vaxchain.app/vaxchain";
			};
			name = Debug;
		};
		00E356F71AD99517003FC87E /* Release */ = {
			isa = XCBuildConfiguration;
			buildSettings = {
				BUNDLE_LOADER = "$(TEST_HOST)";
				COPY_PHASE_STRIP = NO;
				INFOPLIST_FILE = vaxchainTests/Info.plist;
				IPHONEOS_DEPLOYMENT_TARGET = 10.0;
				LD_RUNPATH_SEARCH_PATHS = (
					"$(inherited)",
					"@executable_path/Frameworks",
					"@loader_path/Frameworks",
				);
				OTHER_LDFLAGS = (
					"-ObjC",
					"-lc++",
					"$(inherited)",
				);
				PRODUCT_BUNDLE_IDENTIFIER = "org.reactjs.native.example.$(PRODUCT_NAME:rfc1034identifier)";
				PRODUCT_NAME = "$(TARGET_NAME)";
				TEST_HOST = "$(BUILT_PRODUCTS_DIR)/vaxchain.app/vaxchain";
			};
			name = Release;
		};
		13B07F941A680F5B00A75B9A /* Debug */ = {
			isa = XCBuildConfiguration;
			buildSettings = {
				ASSETCATALOG_COMPILER_APPICON_NAME = AppIcon;
				CLANG_ENABLE_MODULES = YES;
				CURRENT_PROJECT_VERSION = 1;
				ENABLE_BITCODE = NO;
				INFOPLIST_FILE = vaxchain/Info.plist;
				LD_RUNPATH_SEARCH_PATHS = (
					"$(inherited)",
					"@executable_path/Frameworks",
				);
				OTHER_LDFLAGS = (
					"$(inherited)",
					"-ObjC",
					"-lc++",
				);
				PRODUCT_BUNDLE_IDENTIFIER = "org.reactjs.native.example.$(PRODUCT_NAME:rfc1034identifier)";
				PRODUCT_NAME = vaxchain;
				SWIFT_OPTIMIZATION_LEVEL = "-Onone";
				SWIFT_VERSION = 5.0;
				VERSIONING_SYSTEM = "apple-generic";
			};
			name = Debug;
		};
		13B07F951A680F5B00A75B9A /* Release */ = {
			isa = XCBuildConfiguration;
			buildSettings = {
				ASSETCATALOG_COMPILER_APPICON_NAME = AppIcon;
				CLANG_ENABLE_MODULES = YES;
				CURRENT_PROJECT_VERSION = 1;
				INFOPLIST_FILE = vaxchain/Info.plist;
				LD_RUNPATH_SEARCH_PATHS = (
					"$(inherited)",
					"@executable_path/Frameworks",
				);
				OTHER_LDFLAGS = (
					"$(inherited)",
					"-ObjC",
					"-lc++",
				);
				PRODUCT_BUNDLE_IDENTIFIER = "org.reactjs.native.example.$(PRODUCT_NAME:rfc1034identifier)";
				PRODUCT_NAME = vaxchain;
				SWIFT_VERSION = 5.0;
				VERSIONING_SYSTEM = "apple-generic";
			};
			name = Release;
		};
		83CBBA201A601CBA00E9B192 /* Debug */ = {
			isa = XCBuildConfiguration;
			buildSettings = {
				ALWAYS_SEARCH_USER_PATHS = NO;
				CLANG_ANALYZER_LOCALIZABILITY_NONLOCALIZED = YES;
				CLANG_CXX_LANGUAGE_STANDARD = "gnu++0x";
				CLANG_CXX_LIBRARY = "libc++";
				CLANG_ENABLE_MODULES = YES;
				CLANG_ENABLE_OBJC_ARC = YES;
				CLANG_WARN_BLOCK_CAPTURE_AUTORELEASING = YES;
				CLANG_WARN_BOOL_CONVERSION = YES;
				CLANG_WARN_COMMA = YES;
				CLANG_WARN_CONSTANT_CONVERSION = YES;
				CLANG_WARN_DEPRECATED_OBJC_IMPLEMENTATIONS = YES;
				CLANG_WARN_DIRECT_OBJC_ISA_USAGE = YES_ERROR;
				CLANG_WARN_EMPTY_BODY = YES;
				CLANG_WARN_ENUM_CONVERSION = YES;
				CLANG_WARN_INFINITE_RECURSION = YES;
				CLANG_WARN_INT_CONVERSION = YES;
				CLANG_WARN_NON_LITERAL_NULL_CONVERSION = YES;
				CLANG_WARN_OBJC_IMPLICIT_RETAIN_SELF = YES;
				CLANG_WARN_OBJC_LITERAL_CONVERSION = YES;
				CLANG_WARN_OBJC_ROOT_CLASS = YES_ERROR;
				CLANG_WARN_QUOTED_INCLUDE_IN_FRAMEWORK_HEADER = YES;
				CLANG_WARN_RANGE_LOOP_ANALYSIS = YES;
				CLANG_WARN_STRICT_PROTOTYPES = YES;
				CLANG_WARN_SUSPICIOUS_MOVE = YES;
				CLANG_WARN_UNREACHABLE_CODE = YES;
				CLANG_WARN__DUPLICATE_METHOD_MATCH = YES;
				"CODE_SIGN_IDENTITY[sdk=iphoneos*]" = "iPhone Developer";
				COPY_PHASE_STRIP = NO;
				ENABLE_STRICT_OBJC_MSGSEND = YES;
				ENABLE_TESTABILITY = YES;
				GCC_C_LANGUAGE_STANDARD = gnu99;
				GCC_DYNAMIC_NO_PIC = NO;
				GCC_NO_COMMON_BLOCKS = YES;
				GCC_OPTIMIZATION_LEVEL = 0;
				GCC_PREPROCESSOR_DEFINITIONS = (
					"DEBUG=1",
					"$(inherited)",
				);
				GCC_SYMBOLS_PRIVATE_EXTERN = NO;
				GCC_WARN_64_TO_32_BIT_CONVERSION = YES;
				GCC_WARN_ABOUT_RETURN_TYPE = YES_ERROR;
				GCC_WARN_UNDECLARED_SELECTOR = YES;
				GCC_WARN_UNINITIALIZED_AUTOS = YES_AGGRESSIVE;
				GCC_WARN_UNUSED_FUNCTION = YES;
				GCC_WARN_UNUSED_VARIABLE = YES;
				IPHONEOS_DEPLOYMENT_TARGET = 10.0;
				LD_RUNPATH_SEARCH_PATHS = (
					/usr/lib/swift,
					"$(inherited)",
				);
				LIBRARY_SEARCH_PATHS = (
					"\"$(TOOLCHAIN_DIR)/usr/lib/swift/$(PLATFORM_NAME)\"",
					"\"$(TOOLCHAIN_DIR)/usr/lib/swift-5.0/$(PLATFORM_NAME)\"",
					"\"$(inherited)\"",
				);
				MTL_ENABLE_DEBUG_INFO = YES;
				ONLY_ACTIVE_ARCH = YES;
				SDKROOT = iphoneos;
			};
			name = Debug;
		};
		83CBBA211A601CBA00E9B192 /* Release */ = {
			isa = XCBuildConfiguration;
			buildSettings = {
				ALWAYS_SEARCH_USER_PATHS = NO;
				CLANG_ANALYZER_LOCALIZABILITY_NONLOCALIZED = YES;
				CLANG_CXX_LANGUAGE_STANDARD = "gnu++0x";
				CLANG_CXX_LIBRARY = "libc++";
				CLANG_ENABLE_MODULES = YES;
				CLANG_ENABLE_OBJC_ARC = YES;
				CLANG_WARN_BLOCK_CAPTURE_AUTORELEASING = YES;
				CLANG_WARN_BOOL_CONVERSION = YES;
				CLANG_WARN_COMMA = YES;
				CLANG_WARN_CONSTANT_CONVERSION = YES;
				CLANG_WARN_DEPRECATED_OBJC_IMPLEMENTATIONS = YES;
				CLANG_WARN_DIRECT_OBJC_ISA_USAGE = YES_ERROR;
				CLANG_WARN_EMPTY_BODY = YES;
				CLANG_WARN_ENUM_CONVERSION = YES;
				CLANG_WARN_INFINITE_RECURSION = YES;
				CLANG_WARN_INT_CONVERSION = YES;
				CLANG_WARN_NON_LITERAL_NULL_CONVERSION = YES;
				CLANG_WARN_OBJC_IMPLICIT_RETAIN_SELF = YES;
				CLANG_WARN_OBJC_LITERAL_CONVERSION = YES;
				CLANG_WARN_OBJC_ROOT_CLASS = YES_ERROR;
				CLANG_WARN_QUOTED_INCLUDE_IN_FRAMEWORK_HEADER = YES;
				CLANG_WARN_RANGE_LOOP_ANALYSIS = YES;
				CLANG_WARN_STRICT_PROTOTYPES = YES;
				CLANG_WARN_SUSPICIOUS_MOVE = YES;
				CLANG_WARN_UNREACHABLE_CODE = YES;
				CLANG_WARN__DUPLICATE_METHOD_MATCH = YES;
				"CODE_SIGN_IDENTITY[sdk=iphoneos*]" = "iPhone Developer";
				COPY_PHASE_STRIP = YES;
				ENABLE_NS_ASSERTIONS = NO;
				ENABLE_STRICT_OBJC_MSGSEND = YES;
				GCC_C_LANGUAGE_STANDARD = gnu99;
				GCC_NO_COMMON_BLOCKS = YES;
				GCC_WARN_64_TO_32_BIT_CONVERSION = YES;
				GCC_WARN_ABOUT_RETURN_TYPE = YES_ERROR;
				GCC_WARN_UNDECLARED_SELECTOR = YES;
				GCC_WARN_UNINITIALIZED_AUTOS = YES_AGGRESSIVE;
				GCC_WARN_UNUSED_FUNCTION = YES;
				GCC_WARN_UNUSED_VARIABLE = YES;
				IPHONEOS_DEPLOYMENT_TARGET = 10.0;
				LD_RUNPATH_SEARCH_PATHS = (
					/usr/lib/swift,
					"$(inherited)",
				);
				LIBRARY_SEARCH_PATHS = (
					"\"$(TOOLCHAIN_DIR)/usr/lib/swift/$(PLATFORM_NAME)\"",
					"\"$(TOOLCHAIN_DIR)/usr/lib/swift-5.0/$(PLATFORM_NAME)\"",
					"\"$(inherited)\"",
				);
				MTL_ENABLE_DEBUG_INFO = NO;
				SDKROOT = iphoneos;
				VALIDATE_PRODUCT = YES;
			};
			name = Release;
		};
/* End XCBuildConfiguration section */

/* Begin XCConfigurationList section */
		00E357021AD99517003FC87E /* Build configuration list for PBXNativeTarget "vaxchainTests" */ = {
			isa = XCConfigurationList;
			buildConfigurations = (
				00E356F61AD99517003FC87E /* Debug */,
				00E356F71AD99517003FC87E /* Release */,
			);
			defaultConfigurationIsVisible = 0;
			defaultConfigurationName = Release;
		};
		13B07F931A680F5B00A75B9A /* Build configuration list for PBXNativeTarget "vaxchain" */ = {
			isa = XCConfigurationList;
			buildConfigurations = (
				13B07F941A680F5B00A75B9A /* Debug */,
				13B07F951A680F5B00A75B9A /* Release */,
			);
			defaultConfigurationIsVisible = 0;
			defaultConfigurationName = Release;
		};
		83CBB9FA1A601CBA00E9B192 /* Build configuration list for PBXProject "vaxchain" */ = {
			isa = XCConfigurationList;
			buildConfigurations = (
				83CBBA201A601CBA00E9B192 /* Debug */,
				83CBBA211A601CBA00E9B192 /* Release */,
			);
			defaultConfigurationIsVisible = 0;
			defaultConfigurationName = Release;
		};
/* End XCConfigurationList section */
	};
	rootObject = 83CBB9F71A601CBA00E9B192 /* Project object */;
}
